
Microsoft Visual Studio Solution File, Format Version 12.00
# Visual Studio 15
VisualStudioVersion = 15.0.27703.2000
MinimumVisualStudioVersion = 10.0.40219.1
Project("{FAE04EC0-301F-11D3-BF4B-00C04F79EFBC}") = "GlossarySolution", "GlossarySolution\GlossarySolution.csproj", "{2F4F3058-8B52-4B10-8809-92D92E62FC19}"
EndProject
Global
	GlobalSection(SolutionConfigurationPlatforms) = preSolution
		Debug|Any CPU = Debug|Any CPU
		Release|Any CPU = Release|Any CPU
	EndGlobalSection
	GlobalSection(ProjectConfigurationPlatforms) = postSolution
		{2F4F3058-8B52-4B10-8809-92D92E62FC19}.Debug|Any CPU.ActiveCfg = Debug|Any CPU
		{2F4F3058-8B52-4B10-8809-92D92E62FC19}.Debug|Any CPU.Build.0 = Debug|Any CPU
		{2F4F3058-8B52-4B10-8809-92D92E62FC19}.Release|Any CPU.ActiveCfg = Release|Any CPU
		{2F4F3058-8B52-4B10-8809-92D92E62FC19}.Release|Any CPU.Build.0 = Release|Any CPU
	EndGlobalSection
	GlobalSection(SolutionProperties) = preSolution
		HideSolutionNode = FALSE
	EndGlobalSection
	GlobalSection(ExtensibilityGlobals) = postSolution
		SolutionGuid = {E837B194-F2C2-46CD-8AD0-3D1D749C2D1C}
	EndGlobalSection
EndGlobal
