
Microsoft Visual Studio Solution File, Format Version 12.00
# Visual Studio 15
VisualStudioVersion = 15.0.27703.2000
MinimumVisualStudioVersion = 10.0.40219.1
Project("{FAE04EC0-301F-11D3-BF4B-00C04F79EFBC}") = "Glossary.Web", "GlossarySolution\Glossary.Web.csproj", "{2F4F3058-8B52-4B10-8809-92D92E62FC19}"
EndProject
Project("{FAE04EC0-301F-11D3-BF4B-00C04F79EFBC}") = "Glossary.Data", "Glossary.Data\Glossary.Data.csproj", "{9214AAB3-2C29-4093-98D5-2BFA8351D4FF}"
EndProject
Project("{FAE04EC0-301F-11D3-BF4B-00C04F79EFBC}") = "Glossary.Tests", "Glossary.Tests\Glossary.Tests.csproj", "{8A0982DB-9093-4ED5-B113-DB3B0273ADB3}"
EndProject
Project("{2150E333-8FDC-42A3-9474-1A3956D46DE8}") = "Solution Items", "Solution Items", "{10A8FFF1-5CA2-4EDC-A26D-A3E438F1EFF4}"
	ProjectSection(SolutionItems) = preProject
		Glossary.mdf = Glossary.mdf
	EndProjectSection
EndProject
Global
	GlobalSection(SolutionConfigurationPlatforms) = preSolution
		Debug|Any CPU = Debug|Any CPU
		Release|Any CPU = Release|Any CPU
	EndGlobalSection
	GlobalSection(ProjectConfigurationPlatforms) = postSolution
		{2F4F3058-8B52-4B10-8809-92D92E62FC19}.Debug|Any CPU.ActiveCfg = Debug|Any CPU
		{2F4F3058-8B52-4B10-8809-92D92E62FC19}.Debug|Any CPU.Build.0 = Debug|Any CPU
		{2F4F3058-8B52-4B10-8809-92D92E62FC19}.Release|Any CPU.ActiveCfg = Release|Any CPU
		{2F4F3058-8B52-4B10-8809-92D92E62FC19}.Release|Any CPU.Build.0 = Release|Any CPU
		{9214AAB3-2C29-4093-98D5-2BFA8351D4FF}.Debug|Any CPU.ActiveCfg = Debug|Any CPU
		{9214AAB3-2C29-4093-98D5-2BFA8351D4FF}.Debug|Any CPU.Build.0 = Debug|Any CPU
		{9214AAB3-2C29-4093-98D5-2BFA8351D4FF}.Release|Any CPU.ActiveCfg = Release|Any CPU
		{9214AAB3-2C29-4093-98D5-2BFA8351D4FF}.Release|Any CPU.Build.0 = Release|Any CPU
		{8A0982DB-9093-4ED5-B113-DB3B0273ADB3}.Debug|Any CPU.ActiveCfg = Debug|Any CPU
		{8A0982DB-9093-4ED5-B113-DB3B0273ADB3}.Debug|Any CPU.Build.0 = Debug|Any CPU
		{8A0982DB-9093-4ED5-B113-DB3B0273ADB3}.Release|Any CPU.ActiveCfg = Release|Any CPU
		{8A0982DB-9093-4ED5-B113-DB3B0273ADB3}.Release|Any CPU.Build.0 = Release|Any CPU
	EndGlobalSection
	GlobalSection(SolutionProperties) = preSolution
		HideSolutionNode = FALSE
	EndGlobalSection
	GlobalSection(ExtensibilityGlobals) = postSolution
		SolutionGuid = {E837B194-F2C2-46CD-8AD0-3D1D749C2D1C}
	EndGlobalSection
EndGlobal
